
Microsoft Visual Studio Solution File, Format Version 12.00
# Visual Studio Version 16
VisualStudioVersion = 16.0.30413.136
MinimumVisualStudioVersion = 10.0.40219.1
Project("{FAE04EC0-301F-11D3-BF4B-00C04F79EFBC}") = "njackson1730ex1b", "njackson1730ex1b\njackson1730ex1b.csproj", "{1732CFE4-3F75-40AE-A561-10E5291AE4B0}"
EndProject
Project("{FAE04EC0-301F-11D3-BF4B-00C04F79EFBC}") = "njackson1c", "njackson1c\njackson1c.csproj", "{456B6CEB-0DB4-4153-A307-D44147395905}"
EndProject
Project("{FAE04EC0-301F-11D3-BF4B-00C04F79EFBC}") = "njackson1d1", "njackson1d1\njackson1d1.csproj", "{58608523-D91D-4C9F-B87D-9E159EFD057B}"
EndProject
Project("{FAE04EC0-301F-11D3-BF4B-00C04F79EFBC}") = "njackson1e", "njackson1e\njackson1e.csproj", "{56F88734-0E2C-4C28-8D19-8358A6B38BBA}"
EndProject
Project("{FAE04EC0-301F-11D3-BF4B-00C04F79EFBC}") = "njackson1F", "njackson1F\njackson1F.csproj", "{0D5E7D5F-6915-4323-AFEF-9D5005C77F1B}"
EndProject
Project("{FAE04EC0-301F-11D3-BF4B-00C04F79EFBC}") = "njackson1G", "njackson1G\njackson1G.csproj", "{9C15FE9C-2ED9-4C6A-834A-CF4ACCCA9F69}"
EndProject
Project("{FAE04EC0-301F-11D3-BF4B-00C04F79EFBC}") = "njackson 2A", "njackson 2A\njackson 2A.csproj", "{1D527365-1872-44F0-8BB5-D171BA85C497}"
EndProject
Project("{FAE04EC0-301F-11D3-BF4B-00C04F79EFBC}") = "njackson 2B", "njackson 2B\njackson 2B.csproj", "{832309BC-DCB2-40CE-84C8-B97536A86F8C}"
EndProject
Global
	GlobalSection(SolutionConfigurationPlatforms) = preSolution
		Debug|Any CPU = Debug|Any CPU
		Release|Any CPU = Release|Any CPU
	EndGlobalSection
	GlobalSection(ProjectConfigurationPlatforms) = postSolution
		{1732CFE4-3F75-40AE-A561-10E5291AE4B0}.Debug|Any CPU.ActiveCfg = Debug|Any CPU
		{1732CFE4-3F75-40AE-A561-10E5291AE4B0}.Debug|Any CPU.Build.0 = Debug|Any CPU
		{1732CFE4-3F75-40AE-A561-10E5291AE4B0}.Release|Any CPU.ActiveCfg = Release|Any CPU
		{1732CFE4-3F75-40AE-A561-10E5291AE4B0}.Release|Any CPU.Build.0 = Release|Any CPU
		{456B6CEB-0DB4-4153-A307-D44147395905}.Debug|Any CPU.ActiveCfg = Debug|Any CPU
		{456B6CEB-0DB4-4153-A307-D44147395905}.Debug|Any CPU.Build.0 = Debug|Any CPU
		{456B6CEB-0DB4-4153-A307-D44147395905}.Release|Any CPU.ActiveCfg = Release|Any CPU
		{456B6CEB-0DB4-4153-A307-D44147395905}.Release|Any CPU.Build.0 = Release|Any CPU
		{58608523-D91D-4C9F-B87D-9E159EFD057B}.Debug|Any CPU.ActiveCfg = Debug|Any CPU
		{58608523-D91D-4C9F-B87D-9E159EFD057B}.Debug|Any CPU.Build.0 = Debug|Any CPU
		{58608523-D91D-4C9F-B87D-9E159EFD057B}.Release|Any CPU.ActiveCfg = Release|Any CPU
		{58608523-D91D-4C9F-B87D-9E159EFD057B}.Release|Any CPU.Build.0 = Release|Any CPU
		{56F88734-0E2C-4C28-8D19-8358A6B38BBA}.Debug|Any CPU.ActiveCfg = Debug|Any CPU
		{56F88734-0E2C-4C28-8D19-8358A6B38BBA}.Debug|Any CPU.Build.0 = Debug|Any CPU
		{56F88734-0E2C-4C28-8D19-8358A6B38BBA}.Release|Any CPU.ActiveCfg = Release|Any CPU
		{56F88734-0E2C-4C28-8D19-8358A6B38BBA}.Release|Any CPU.Build.0 = Release|Any CPU
		{0D5E7D5F-6915-4323-AFEF-9D5005C77F1B}.Debug|Any CPU.ActiveCfg = Debug|Any CPU
		{0D5E7D5F-6915-4323-AFEF-9D5005C77F1B}.Debug|Any CPU.Build.0 = Debug|Any CPU
		{0D5E7D5F-6915-4323-AFEF-9D5005C77F1B}.Release|Any CPU.ActiveCfg = Release|Any CPU
		{0D5E7D5F-6915-4323-AFEF-9D5005C77F1B}.Release|Any CPU.Build.0 = Release|Any CPU
		{9C15FE9C-2ED9-4C6A-834A-CF4ACCCA9F69}.Debug|Any CPU.ActiveCfg = Debug|Any CPU
		{9C15FE9C-2ED9-4C6A-834A-CF4ACCCA9F69}.Debug|Any CPU.Build.0 = Debug|Any CPU
		{9C15FE9C-2ED9-4C6A-834A-CF4ACCCA9F69}.Release|Any CPU.ActiveCfg = Release|Any CPU
		{9C15FE9C-2ED9-4C6A-834A-CF4ACCCA9F69}.Release|Any CPU.Build.0 = Release|Any CPU
		{1D527365-1872-44F0-8BB5-D171BA85C497}.Debug|Any CPU.ActiveCfg = Debug|Any CPU
		{1D527365-1872-44F0-8BB5-D171BA85C497}.Debug|Any CPU.Build.0 = Debug|Any CPU
		{1D527365-1872-44F0-8BB5-D171BA85C497}.Release|Any CPU.ActiveCfg = Release|Any CPU
		{1D527365-1872-44F0-8BB5-D171BA85C497}.Release|Any CPU.Build.0 = Release|Any CPU
		{832309BC-DCB2-40CE-84C8-B97536A86F8C}.Debug|Any CPU.ActiveCfg = Debug|Any CPU
		{832309BC-DCB2-40CE-84C8-B97536A86F8C}.Debug|Any CPU.Build.0 = Debug|Any CPU
		{832309BC-DCB2-40CE-84C8-B97536A86F8C}.Release|Any CPU.ActiveCfg = Release|Any CPU
		{832309BC-DCB2-40CE-84C8-B97536A86F8C}.Release|Any CPU.Build.0 = Release|Any CPU
	EndGlobalSection
	GlobalSection(SolutionProperties) = preSolution
		HideSolutionNode = FALSE
	EndGlobalSection
	GlobalSection(ExtensibilityGlobals) = postSolution
		SolutionGuid = {E9958D3A-9BF7-4B2E-A5CC-C638AB7385A0}
	EndGlobalSection
EndGlobal
